
Microsoft Visual Studio Solution File, Format Version 12.00
# Visual Studio Version 16
VisualStudioVersion = 16.0.30523.141
MinimumVisualStudioVersion = 10.0.40219.1
Project("{8BC9CEB8-8B4A-11D0-8D11-00A0C91BC942}") = "ConsoleApplication1git", "ConsoleApplication1git.vcxproj", "{458E0280-8972-4C19-95D0-884CF4238347}"
EndProject
Global
	GlobalSection(SolutionConfigurationPlatforms) = preSolution
		Debug|x64 = Debug|x64
		Debug|x86 = Debug|x86
		Release|x64 = Release|x64
		Release|x86 = Release|x86
	EndGlobalSection
	GlobalSection(ProjectConfigurationPlatforms) = postSolution
		{458E0280-8972-4C19-95D0-884CF4238347}.Debug|x64.ActiveCfg = Debug|x64
		{458E0280-8972-4C19-95D0-884CF4238347}.Debug|x64.Build.0 = Debug|x64
		{458E0280-8972-4C19-95D0-884CF4238347}.Debug|x86.ActiveCfg = Debug|Win32
		{458E0280-8972-4C19-95D0-884CF4238347}.Debug|x86.Build.0 = Debug|Win32
		{458E0280-8972-4C19-95D0-884CF4238347}.Release|x64.ActiveCfg = Release|x64
		{458E0280-8972-4C19-95D0-884CF4238347}.Release|x64.Build.0 = Release|x64
		{458E0280-8972-4C19-95D0-884CF4238347}.Release|x86.ActiveCfg = Release|Win32
		{458E0280-8972-4C19-95D0-884CF4238347}.Release|x86.Build.0 = Release|Win32
	EndGlobalSection
	GlobalSection(SolutionProperties) = preSolution
		HideSolutionNode = FALSE
	EndGlobalSection
	GlobalSection(ExtensibilityGlobals) = postSolution
		SolutionGuid = {990EE04C-1E00-4218-BB41-EA19FC0FCE70}
	EndGlobalSection
EndGlobal
